Microsoft Visual Studio Solution File, Format Version 12.00
# Visual Studio 2012
Project("{FAE04EC0-301F-11D3-BF4B-00C04F79EFBC}") = "TotoAdventure", "TotoAdventure.csproj", "{ED7F209E-91B2-4212-AA9E-3486D6910087}"
EndProject
Global
	GlobalSection(SolutionConfigurationPlatforms) = preSolution
	Debug|Any CPU = Debug|Any CPU
	ExportDebug|Any CPU = ExportDebug|Any CPU
	ExportRelease|Any CPU = ExportRelease|Any CPU
	EndGlobalSection
	GlobalSection(ProjectConfigurationPlatforms) = postSolution
		{ED7F209E-91B2-4212-AA9E-3486D6910087}.Debug|Any CPU.ActiveCfg = Debug|Any CPU
		{ED7F209E-91B2-4212-AA9E-3486D6910087}.Debug|Any CPU.Build.0 = Debug|Any CPU
		{ED7F209E-91B2-4212-AA9E-3486D6910087}.ExportDebug|Any CPU.ActiveCfg = ExportDebug|Any CPU
		{ED7F209E-91B2-4212-AA9E-3486D6910087}.ExportDebug|Any CPU.Build.0 = ExportDebug|Any CPU
		{ED7F209E-91B2-4212-AA9E-3486D6910087}.ExportRelease|Any CPU.ActiveCfg = ExportRelease|Any CPU
		{ED7F209E-91B2-4212-AA9E-3486D6910087}.ExportRelease|Any CPU.Build.0 = ExportRelease|Any CPU
	EndGlobalSection
EndGlobal
